
Microsoft Visual Studio Solution File, Format Version 12.00
# Visual Studio Version 17
Project("{8BC9CEB8-8B4A-11D0-8D11-00A0C91BC942}") = "ALL_BUILD", "ALL_BUILD.vcxproj", "{9427E7CE-4611-3330-B418-4B62A4E3C494}"
	ProjectSection(ProjectDependencies) = postProject
		{799AD827-616D-366B-A616-82CCC665BCEF} = {799AD827-616D-366B-A616-82CCC665BCEF}
		{5D79CB09-4816-37C8-8B8B-C5F473FA2132} = {5D79CB09-4816-37C8-8B8B-C5F473FA2132}
	EndProjectSection
EndProject
Project("{8BC9CEB8-8B4A-11D0-8D11-00A0C91BC942}") = "ZERO_CHECK", "ZERO_CHECK.vcxproj", "{799AD827-616D-366B-A616-82CCC665BCEF}"
	ProjectSection(ProjectDependencies) = postProject
	EndProjectSection
EndProject
Project("{8BC9CEB8-8B4A-11D0-8D11-00A0C91BC942}") = "omokAI", "omokAI.vcxproj", "{5D79CB09-4816-37C8-8B8B-C5F473FA2132}"
	ProjectSection(ProjectDependencies) = postProject
		{799AD827-616D-366B-A616-82CCC665BCEF} = {799AD827-616D-366B-A616-82CCC665BCEF}
	EndProjectSection
EndProject
Global
	GlobalSection(SolutionConfigurationPlatforms) = preSolution
		Debug|x64 = Debug|x64
		Release|x64 = Release|x64
		MinSizeRel|x64 = MinSizeRel|x64
		RelWithDebInfo|x64 = RelWithDebInfo|x64
	EndGlobalSection
	GlobalSection(ProjectConfigurationPlatforms) = postSolution
		{9427E7CE-4611-3330-B418-4B62A4E3C494}.Debug|x64.ActiveCfg = Debug|x64
		{9427E7CE-4611-3330-B418-4B62A4E3C494}.Release|x64.ActiveCfg = Release|x64
		{9427E7CE-4611-3330-B418-4B62A4E3C494}.MinSizeRel|x64.ActiveCfg = MinSizeRel|x64
		{9427E7CE-4611-3330-B418-4B62A4E3C494}.RelWithDebInfo|x64.ActiveCfg = RelWithDebInfo|x64
		{799AD827-616D-366B-A616-82CCC665BCEF}.Debug|x64.ActiveCfg = Debug|x64
		{799AD827-616D-366B-A616-82CCC665BCEF}.Debug|x64.Build.0 = Debug|x64
		{799AD827-616D-366B-A616-82CCC665BCEF}.Release|x64.ActiveCfg = Release|x64
		{799AD827-616D-366B-A616-82CCC665BCEF}.Release|x64.Build.0 = Release|x64
		{799AD827-616D-366B-A616-82CCC665BCEF}.MinSizeRel|x64.ActiveCfg = MinSizeRel|x64
		{799AD827-616D-366B-A616-82CCC665BCEF}.MinSizeRel|x64.Build.0 = MinSizeRel|x64
		{799AD827-616D-366B-A616-82CCC665BCEF}.RelWithDebInfo|x64.ActiveCfg = RelWithDebInfo|x64
		{799AD827-616D-366B-A616-82CCC665BCEF}.RelWithDebInfo|x64.Build.0 = RelWithDebInfo|x64
		{5D79CB09-4816-37C8-8B8B-C5F473FA2132}.Debug|x64.ActiveCfg = Debug|x64
		{5D79CB09-4816-37C8-8B8B-C5F473FA2132}.Debug|x64.Build.0 = Debug|x64
		{5D79CB09-4816-37C8-8B8B-C5F473FA2132}.Release|x64.ActiveCfg = Release|x64
		{5D79CB09-4816-37C8-8B8B-C5F473FA2132}.Release|x64.Build.0 = Release|x64
		{5D79CB09-4816-37C8-8B8B-C5F473FA2132}.MinSizeRel|x64.ActiveCfg = MinSizeRel|x64
		{5D79CB09-4816-37C8-8B8B-C5F473FA2132}.MinSizeRel|x64.Build.0 = MinSizeRel|x64
		{5D79CB09-4816-37C8-8B8B-C5F473FA2132}.RelWithDebInfo|x64.ActiveCfg = RelWithDebInfo|x64
		{5D79CB09-4816-37C8-8B8B-C5F473FA2132}.RelWithDebInfo|x64.Build.0 = RelWithDebInfo|x64
	EndGlobalSection
	GlobalSection(ExtensibilityGlobals) = postSolution
		SolutionGuid = {4D3FE011-328E-3918-8E4D-3771C5BF4CBF}
	EndGlobalSection
	GlobalSection(ExtensibilityAddIns) = postSolution
	EndGlobalSection
EndGlobal
