<?xml version="1.0" encoding="utf-8"?>
<Project ToolsVersion="17.0" xmlns="http://schemas.microsoft.com/developer/msbuild/2003">
  <ItemGroup>
    <ClCompile Include="D:\omok-AI\omok\main.cpp">
      <Filter>Source Files</Filter>
    </ClCompile>
    <ClCompile Include="D:\omok-AI\omok\board.cpp">
      <Filter>Source Files</Filter>
    </ClCompile>
    <ClCompile Include="D:\omok-AI\omok\evaluate.cpp">
      <Filter>Source Files</Filter>
    </ClCompile>
    <ClCompile Include="D:\omok-AI\omok\search.cpp">
      <Filter>Source Files</Filter>
    </ClCompile>
    <ClCompile Include="D:\omok-AI\omok\util.cpp">
      <Filter>Source Files</Filter>
    </ClCompile>
  </ItemGroup>
  <ItemGroup>
    <ClInclude Include="D:\omok-AI\omok\board.h">
      <Filter>Header Files</Filter>
    </ClInclude>
    <ClInclude Include="D:\omok-AI\omok\evaluate.h">
      <Filter>Header Files</Filter>
    </ClInclude>
    <ClInclude Include="D:\omok-AI\omok\search.h">
      <Filter>Header Files</Filter>
    </ClInclude>
    <ClInclude Include="D:\omok-AI\omok\types.h">
      <Filter>Header Files</Filter>
    </ClInclude>
    <ClInclude Include="D:\omok-AI\omok\util.h">
      <Filter>Header Files</Filter>
    </ClInclude>
  </ItemGroup>
  <ItemGroup>
    <CustomBuild Include="D:\omok-AI\omok\CMakeLists.txt" />
  </ItemGroup>
  <ItemGroup>
    <Filter Include="Header Files">
      <UniqueIdentifier>{04AE88F9-0E7F-36C3-BF7A-A9C25AEA4E07}</UniqueIdentifier>
    </Filter>
    <Filter Include="Source Files">
      <UniqueIdentifier>{580BAAE1-D0A3-33C7-903C-2C65EB943DE3}</UniqueIdentifier>
    </Filter>
  </ItemGroup>
</Project>
